// !$*UTF8*$!
{
	archiveVersion = 1;
	classes = {
	};
	objectVersion = 46;
	objects = {

/* Begin PBXBuildFile section */
		485E423E1E890B9A00A8F9E2 /* AppDelegate.swift in Sources */ = {isa = PBXBuildFile; fileRef = 485E423D1E890B9A00A8F9E2 /* AppDelegate.swift */; };
		485E42401E890B9A00A8F9E2 /* ViewController.swift in Sources */ = {isa = PBXBuildFile; fileRef = 485E423F1E890B9A00A8F9E2 /* ViewController.swift */; };
		485E42431E890B9A00A8F9E2 /* Main.storyboard in Resources */ = {isa = PBXBuildFile; fileRef = 485E42411E890B9A00A8F9E2 /* Main.storyboard */; };
		485E42451E890B9A00A8F9E2 /* Assets.xcassets in Resources */ = {isa = PBXBuildFile; fileRef = 485E42441E890B9A00A8F9E2 /* Assets.xcassets */; };
		485E42481E890B9A00A8F9E2 /* LaunchScreen.storyboard in Resources */ = {isa = PBXBuildFile; fileRef = 485E42461E890B9A00A8F9E2 /* LaunchScreen.storyboard */; };
/* End PBXBuildFile section */

/* Begin PBXFileReference section */
		485E423A1E890B9A00A8F9E2 /* UIDynamics.app */ = {isa = PBXFileReference; explicitFileType = wrapper.application; includeInIndex = 0; path = UIDynamics.app; sourceTree = BUILT_PRODUCTS_DIR; };
		485E423D1E890B9A00A8F9E2 /* AppDelegate.swift */ = {isa = PBXFileReference; lastKnownFileType = sourcecode.swift; path = AppDelegate.swift; sourceTree = "<group>"; };
		485E423F1E890B9A00A8F9E2 /* ViewController.swift */ = {isa = PBXFileReference; lastKnownFileType = sourcecode.swift; path = ViewController.swift; sourceTree = "<group>"; };
		485E42421E890B9A00A8F9E2 /* Base */ = {isa = PBXFileReference; lastKnownFileType = file.storyboard; name = Base; path = Base.lproj/Main.storyboard; sourceTree = "<group>"; };
		485E42441E890B9A00A8F9E2 /* Assets.xcassets */ = {isa = PBXFileReference; lastKnownFileType = folder.assetcatalog; path = Assets.xcassets; sourceTree = "<group>"; };
		485E42471E890B9A00A8F9E2 /* Base */ = {isa = PBXFileReference; lastKnownFileType = file.storyboard; name = Base; path = Base.lproj/LaunchScreen.storyboard; sourceTree = "<group>"; };
		485E42491E890B9A00A8F9E2 /* Info.plist */ = {isa = PBXFileReference; lastKnownFileType = text.plist.xml; path = Info.plist; sourceTree = "<group>"; };
/* End PBXFileReference section */

/* Begin PBXFrameworksBuildPhase section */
		485E42371E890B9A00A8F9E2 /* Frameworks */ = {
			isa = PBXFrameworksBuildPhase;
			buildActionMask = 2147483647;
			files = (
			);
			runOnlyForDeploymentPostprocessing = 0;
		};
/* End PBXFrameworksBuildPhase section */

/* Begin PBXGroup section */
		485E42311E890B9A00A8F9E2 = {
			isa = PBXGroup;
			children = (
				485E423C1E890B9A00A8F9E2 /* UIDynamics */,
				485E423B1E890B9A00A8F9E2 /* Products */,
			);
			sourceTree = "<group>";
		};
		485E423B1E890B9A00A8F9E2 /* Products */ = {
			isa = PBXGroup;
			children = (
				485E423A1E890B9A00A8F9E2 /* UIDynamics.app */,
			);
			name = Products;
			sourceTree = "<group>";
		};
		485E423C1E890B9A00A8F9E2 /* UIDynamics */ = {
			isa = PBXGroup;
			children = (
				485E423D1E890B9A00A8F9E2 /* AppDelegate.swift */,
				485E423F1E890B9A00A8F9E2 /* ViewController.swift */,
				485E42411E890B9A00A8F9E2 /* Main.storyboard */,
				485E42441E890B9A00A8F9E2 /* Assets.xcassets */,
				485E42461E890B9A00A8F9E2 /* LaunchScreen.storyboard */,
				485E42491E890B9A00A8F9E2 /* Info.plist */,
			);
			path = UIDynamics;
			sourceTree = "<group>";
		};
/* End PBXGroup section */

/* Begin PBXNativeTarget section */
		485E42391E890B9A00A8F9E2 /* UIDynamics */ = {
			isa = PBXNativeTarget;
			buildConfigurationList = 485E424C1E890B9A00A8F9E2 /* Build configuration list for PBXNativeTarget "UIDynamics" */;
			buildPhases = (
				485E42361E890B9A00A8F9E2 /* Sources */,
				485E42371E890B9A00A8F9E2 /* Frameworks */,
				485E42381E890B9A00A8F9E2 /* Resources */,
			);
			buildRules = (
			);
			dependencies = (
			);
			name = UIDynamics;
			productName = UIDynamics;
			productReference = 485E423A1E890B9A00A8F9E2 /* UIDynamics.app */;
			productType = "com.apple.product-type.application";
		};
/* End PBXNativeTarget section */

/* Begin PBXProject section */
		485E42321E890B9A00A8F9E2 /* Project object */ = {
			isa = PBXProject;
			attributes = {
				LastSwiftUpdateCheck = 0820;
				LastUpgradeCheck = 0820;
				ORGANIZATIONNAME = joonwon;
				TargetAttributes = {
					485E42391E890B9A00A8F9E2 = {
						CreatedOnToolsVersion = 8.2.1;
						DevelopmentTeam = C98APEMDUR;
						ProvisioningStyle = Automatic;
					};
				};
			};
			buildConfigurationList = 485E42351E890B9A00A8F9E2 /* Build configuration list for PBXProject "UIDynamics" */;
			compatibilityVersion = "Xcode 3.2";
			developmentRegion = English;
			hasScannedForEncodings = 0;
			knownRegions = (
				en,
				Base,
			);
			mainGroup = 485E42311E890B9A00A8F9E2;
			productRefGroup = 485E423B1E890B9A00A8F9E2 /* Products */;
			projectDirPath = "";
			projectRoot = "";
			targets = (
				485E42391E890B9A00A8F9E2 /* UIDynamics */,
			);
		};
/* End PBXProject section */

/* Begin PBXResourcesBuildPhase section */
		485E42381E890B9A00A8F9E2 /* Resources */ = {
			isa = PBXResourcesBuildPhase;
			buildActionMask = 2147483647;
			files = (
				485E42481E890B9A00A8F9E2 /* LaunchScreen.storyboard in Resources */,
				485E42451E890B9A00A8F9E2 /* Assets.xcassets in Resources */,
				485E42431E890B9A00A8F9E2 /* Main.storyboard in Resources */,
			);
			runOnlyForDeploymentPostprocessing = 0;
		};
/* End PBXResourcesBuildPhase section */

/* Begin PBXSourcesBuildPhase section */
		485E42361E890B9A00A8F9E2 /* Sources */ = {
			isa = PBXSourcesBuildPhase;
			buildActionMask = 2147483647;
			files = (
				485E42401E890B9A00A8F9E2 /* ViewController.swift in Sources */,
				485E423E1E890B9A00A8F9E2 /* AppDelegate.swift in Sources */,
			);
			runOnlyForDeploymentPostprocessing = 0;
		};
/* End PBXSourcesBuildPhase section */

/* Begin PBXVariantGroup section */
		485E42411E890B9A00A8F9E2 /* Main.storyboard */ = {
			isa = PBXVariantGroup;
			children = (
				485E42421E890B9A00A8F9E2 /* Base */,
			);
			name = Main.storyboard;
			sourceTree = "<group>";
		};
		485E42461E890B9A00A8F9E2 /* LaunchScreen.storyboard */ = {
			isa = PBXVariantGroup;
			children = (
				485E42471E890B9A00A8F9E2 /* Base */,
			);
			name = LaunchScreen.storyboard;
			sourceTree = "<group>";
		};
/* End PBXVariantGroup section */

/* Begin XCBuildConfiguration section */
		485E424A1E890B9A00A8F9E2 /* Debug */ = {
			isa = XCBuildConfiguration;
			buildSettings = {
				ALWAYS_SEARCH_USER_PATHS = NO;
				CLANG_ANALYZER_NONNULL = YES;
				CLANG_CXX_LANGUAGE_STANDARD = "gnu++0x";
				CLANG_CXX_LIBRARY = "libc++";
				CLANG_ENABLE_MODULES = YES;
				CLANG_ENABLE_OBJC_ARC = YES;
				CLANG_WARN_BOOL_CONVERSION = YES;
				CLANG_WARN_CONSTANT_CONVERSION = YES;
				CLANG_WARN_DIRECT_OBJC_ISA_USAGE = YES_ERROR;
				CLANG_WARN_DOCUMENTATION_COMMENTS = YES;
				CLANG_WARN_EMPTY_BODY = YES;
				CLANG_WARN_ENUM_CONVERSION = YES;
				CLANG_WARN_INFINITE_RECURSION = YES;
				CLANG_WARN_INT_CONVERSION = YES;
				CLANG_WARN_OBJC_ROOT_CLASS = YES_ERROR;
				CLANG_WARN_SUSPICIOUS_MOVE = YES;
				CLANG_WARN_UNREACHABLE_CODE = YES;
				CLANG_WARN__DUPLICATE_METHOD_MATCH = YES;
				"CODE_SIGN_IDENTITY[sdk=iphoneos*]" = "iPhone Developer";
				COPY_PHASE_STRIP = NO;
				DEBUG_INFORMATION_FORMAT = dwarf;
				ENABLE_STRICT_OBJC_MSGSEND = YES;
				ENABLE_TESTABILITY = YES;
				GCC_C_LANGUAGE_STANDARD = gnu99;
				GCC_DYNAMIC_NO_PIC = NO;
				GCC_NO_COMMON_BLOCKS = YES;
				GCC_OPTIMIZATION_LEVEL = 0;
				GCC_PREPROCESSOR_DEFINITIONS = (
					"DEBUG=1",
					"$(inherited)",
				);
				GCC_WARN_64_TO_32_BIT_CONVERSION = YES;
				GCC_WARN_ABOUT_RETURN_TYPE = YES_ERROR;
				GCC_WARN_UNDECLARED_SELECTOR = YES;
				GCC_WARN_UNINITIALIZED_AUTOS = YES_AGGRESSIVE;
				GCC_WARN_UNUSED_FUNCTION = YES;
				GCC_WARN_UNUSED_VARIABLE = YES;
				IPHONEOS_DEPLOYMENT_TARGET = 10.2;
				MTL_ENABLE_DEBUG_INFO = YES;
				ONLY_ACTIVE_ARCH = YES;
				SDKROOT = iphoneos;
				SWIFT_ACTIVE_COMPILATION_CONDITIONS = DEBUG;
				SWIFT_OPTIMIZATION_LEVEL = "-Onone";
			};
			name = Debug;
		};
		485E424B1E890B9A00A8F9E2 /* Release */ = {
			isa = XCBuildConfiguration;
			buildSettings = {
				ALWAYS_SEARCH_USER_PATHS = NO;
				CLANG_ANALYZER_NONNULL = YES;
				CLANG_CXX_LANGUAGE_STANDARD = "gnu++0x";
				CLANG_CXX_LIBRARY = "libc++";
				CLANG_ENABLE_MODULES = YES;
				CLANG_ENABLE_OBJC_ARC = YES;
				CLANG_WARN_BOOL_CONVERSION = YES;
				CLANG_WARN_CONSTANT_CONVERSION = YES;
				CLANG_WARN_DIRECT_OBJC_ISA_USAGE = YES_ERROR;
				CLANG_WARN_DOCUMENTATION_COMMENTS = YES;
				CLANG_WARN_EMPTY_BODY = YES;
				CLANG_WARN_ENUM_CONVERSION = YES;
				CLANG_WARN_INFINITE_RECURSION = YES;
				CLANG_WARN_INT_CONVERSION = YES;
				CLANG_WARN_OBJC_ROOT_CLASS = YES_ERROR;
				CLANG_WARN_SUSPICIOUS_MOVE = YES;
				CLANG_WARN_UNREACHABLE_CODE = YES;
				CLANG_WARN__DUPLICATE_METHOD_MATCH = YES;
				"CODE_SIGN_IDENTITY[sdk=iphoneos*]" = "iPhone Developer";
				COPY_PHASE_STRIP = NO;
				DEBUG_INFORMATION_FORMAT = "dwarf-with-dsym";
				ENABLE_NS_ASSERTIONS = NO;
				ENABLE_STRICT_OBJC_MSGSEND = YES;
				GCC_C_LANGUAGE_STANDARD = gnu99;
				GCC_NO_COMMON_BLOCKS = YES;
				GCC_WARN_64_TO_32_BIT_CONVERSION = YES;
				GCC_WARN_ABOUT_RETURN_TYPE = YES_ERROR;
				GCC_WARN_UNDECLARED_SELECTOR = YES;
				GCC_WARN_UNINITIALIZED_AUTOS = YES_AGGRESSIVE;
				GCC_WARN_UNUSED_FUNCTION = YES;
				GCC_WARN_UNUSED_VARIABLE = YES;
				IPHONEOS_DEPLOYMENT_TARGET = 10.2;
				MTL_ENABLE_DEBUG_INFO = NO;
				SDKROOT = iphoneos;
				SWIFT_OPTIMIZATION_LEVEL = "-Owholemodule";
				VALIDATE_PRODUCT = YES;
			};
			name = Release;
		};
		485E424D1E890B9A00A8F9E2 /* Debug */ = {
			isa = XCBuildConfiguration;
			buildSettings = {
				ASSETCATALOG_COMPILER_APPICON_NAME = AppIcon;
				DEVELOPMENT_TEAM = C98APEMDUR;
				INFOPLIST_FILE = UIDynamics/Info.plist;
				LD_RUNPATH_SEARCH_PATHS = "$(inherited) @executable_path/Frameworks";
				PRODUCT_BUNDLE_IDENTIFIER = joonwon.com.UIDynamics;
				PRODUCT_NAME = "$(TARGET_NAME)";
				SWIFT_VERSION = 3.0;
			};
			name = Debug;
		};
		485E424E1E890B9A00A8F9E2 /* Release */ = {
			isa = XCBuildConfiguration;
			buildSettings = {
				ASSETCATALOG_COMPILER_APPICON_NAME = AppIcon;
				DEVELOPMENT_TEAM = C98APEMDUR;
				INFOPLIST_FILE = UIDynamics/Info.plist;
				LD_RUNPATH_SEARCH_PATHS = "$(inherited) @executable_path/Frameworks";
				PRODUCT_BUNDLE_IDENTIFIER = joonwon.com.UIDynamics;
				PRODUCT_NAME = "$(TARGET_NAME)";
				SWIFT_VERSION = 3.0;
			};
			name = Release;
		};
/* End XCBuildConfiguration section */

/* Begin XCConfigurationList section */
		485E42351E890B9A00A8F9E2 /* Build configuration list for PBXProject "UIDynamics" */ = {
			isa = XCConfigurationList;
			buildConfigurations = (
				485E424A1E890B9A00A8F9E2 /* Debug */,
				485E424B1E890B9A00A8F9E2 /* Release */,
			);
			defaultConfigurationIsVisible = 0;
			defaultConfigurationName = Release;
		};
		485E424C1E890B9A00A8F9E2 /* Build configuration list for PBXNativeTarget "UIDynamics" */ = {
			isa = XCConfigurationList;
			buildConfigurations = (
				485E424D1E890B9A00A8F9E2 /* Debug */,
				485E424E1E890B9A00A8F9E2 /* Release */,
			);
			defaultConfigurationIsVisible = 0;
		};
/* End XCConfigurationList section */
	};
	rootObject = 485E42321E890B9A00A8F9E2 /* Project object */;
}
