// !$*UTF8*$!
{
	archiveVersion = 1;
	classes = {
	};
	objectVersion = 46;
	objects = {

/* Begin PBXBuildFile section */
		48A76A8E1E5557CA006A706E /* AppDelegate.swift in Sources */ = {isa = PBXBuildFile; fileRef = 48A76A8D1E5557CA006A706E /* AppDelegate.swift */; };
		48A76A901E5557CA006A706E /* ViewController.swift in Sources */ = {isa = PBXBuildFile; fileRef = 48A76A8F1E5557CA006A706E /* ViewController.swift */; };
		48A76A931E5557CA006A706E /* Main.storyboard in Resources */ = {isa = PBXBuildFile; fileRef = 48A76A911E5557CA006A706E /* Main.storyboard */; };
		48A76A951E5557CA006A706E /* Assets.xcassets in Resources */ = {isa = PBXBuildFile; fileRef = 48A76A941E5557CA006A706E /* Assets.xcassets */; };
		48A76A981E5557CA006A706E /* LaunchScreen.storyboard in Resources */ = {isa = PBXBuildFile; fileRef = 48A76A961E5557CA006A706E /* LaunchScreen.storyboard */; };
		48D4E9741E598F6100807174 /* SolidObjectsViewController.swift in Sources */ = {isa = PBXBuildFile; fileRef = 48D4E9731E598F6100807174 /* SolidObjectsViewController.swift */; };
/* End PBXBuildFile section */

/* Begin PBXFileReference section */
		48A76A8A1E5557CA006A706E /* Chap5_transforms.app */ = {isa = PBXFileReference; explicitFileType = wrapper.application; includeInIndex = 0; path = Chap5_transforms.app; sourceTree = BUILT_PRODUCTS_DIR; };
		48A76A8D1E5557CA006A706E /* AppDelegate.swift */ = {isa = PBXFileReference; lastKnownFileType = sourcecode.swift; path = AppDelegate.swift; sourceTree = "<group>"; };
		48A76A8F1E5557CA006A706E /* ViewController.swift */ = {isa = PBXFileReference; lastKnownFileType = sourcecode.swift; path = ViewController.swift; sourceTree = "<group>"; };
		48A76A921E5557CA006A706E /* Base */ = {isa = PBXFileReference; lastKnownFileType = file.storyboard; name = Base; path = Base.lproj/Main.storyboard; sourceTree = "<group>"; };
		48A76A941E5557CA006A706E /* Assets.xcassets */ = {isa = PBXFileReference; lastKnownFileType = folder.assetcatalog; path = Assets.xcassets; sourceTree = "<group>"; };
		48A76A971E5557CA006A706E /* Base */ = {isa = PBXFileReference; lastKnownFileType = file.storyboard; name = Base; path = Base.lproj/LaunchScreen.storyboard; sourceTree = "<group>"; };
		48A76A991E5557CA006A706E /* Info.plist */ = {isa = PBXFileReference; lastKnownFileType = text.plist.xml; path = Info.plist; sourceTree = "<group>"; };
		48D4E9731E598F6100807174 /* SolidObjectsViewController.swift */ = {isa = PBXFileReference; fileEncoding = 4; lastKnownFileType = sourcecode.swift; path = SolidObjectsViewController.swift; sourceTree = "<group>"; };
/* End PBXFileReference section */

/* Begin PBXFrameworksBuildPhase section */
		48A76A871E5557CA006A706E /* Frameworks */ = {
			isa = PBXFrameworksBuildPhase;
			buildActionMask = 2147483647;
			files = (
			);
			runOnlyForDeploymentPostprocessing = 0;
		};
/* End PBXFrameworksBuildPhase section */

/* Begin PBXGroup section */
		48A76A811E5557CA006A706E = {
			isa = PBXGroup;
			children = (
				48A76A8C1E5557CA006A706E /* Chap5_transforms */,
				48A76A8B1E5557CA006A706E /* Products */,
			);
			sourceTree = "<group>";
		};
		48A76A8B1E5557CA006A706E /* Products */ = {
			isa = PBXGroup;
			children = (
				48A76A8A1E5557CA006A706E /* Chap5_transforms.app */,
			);
			name = Products;
			sourceTree = "<group>";
		};
		48A76A8C1E5557CA006A706E /* Chap5_transforms */ = {
			isa = PBXGroup;
			children = (
				48A76A8D1E5557CA006A706E /* AppDelegate.swift */,
				48A76A8F1E5557CA006A706E /* ViewController.swift */,
				48D4E9731E598F6100807174 /* SolidObjectsViewController.swift */,
				48A76A911E5557CA006A706E /* Main.storyboard */,
				48A76A941E5557CA006A706E /* Assets.xcassets */,
				48A76A961E5557CA006A706E /* LaunchScreen.storyboard */,
				48A76A991E5557CA006A706E /* Info.plist */,
			);
			path = Chap5_transforms;
			sourceTree = "<group>";
		};
/* End PBXGroup section */

/* Begin PBXNativeTarget section */
		48A76A891E5557CA006A706E /* Chap5_transforms */ = {
			isa = PBXNativeTarget;
			buildConfigurationList = 48A76A9C1E5557CA006A706E /* Build configuration list for PBXNativeTarget "Chap5_transforms" */;
			buildPhases = (
				48A76A861E5557CA006A706E /* Sources */,
				48A76A871E5557CA006A706E /* Frameworks */,
				48A76A881E5557CA006A706E /* Resources */,
			);
			buildRules = (
			);
			dependencies = (
			);
			name = Chap5_transforms;
			productName = Chap5_transforms;
			productReference = 48A76A8A1E5557CA006A706E /* Chap5_transforms.app */;
			productType = "com.apple.product-type.application";
		};
/* End PBXNativeTarget section */

/* Begin PBXProject section */
		48A76A821E5557CA006A706E /* Project object */ = {
			isa = PBXProject;
			attributes = {
				LastSwiftUpdateCheck = 0820;
				LastUpgradeCheck = 0820;
				ORGANIZATIONNAME = joonwon;
				TargetAttributes = {
					48A76A891E5557CA006A706E = {
						CreatedOnToolsVersion = 8.2.1;
						DevelopmentTeam = C98APEMDUR;
						ProvisioningStyle = Automatic;
					};
				};
			};
			buildConfigurationList = 48A76A851E5557CA006A706E /* Build configuration list for PBXProject "Chap5_transforms" */;
			compatibilityVersion = "Xcode 3.2";
			developmentRegion = English;
			hasScannedForEncodings = 0;
			knownRegions = (
				en,
				Base,
			);
			mainGroup = 48A76A811E5557CA006A706E;
			productRefGroup = 48A76A8B1E5557CA006A706E /* Products */;
			projectDirPath = "";
			projectRoot = "";
			targets = (
				48A76A891E5557CA006A706E /* Chap5_transforms */,
			);
		};
/* End PBXProject section */

/* Begin PBXResourcesBuildPhase section */
		48A76A881E5557CA006A706E /* Resources */ = {
			isa = PBXResourcesBuildPhase;
			buildActionMask = 2147483647;
			files = (
				48A76A981E5557CA006A706E /* LaunchScreen.storyboard in Resources */,
				48A76A951E5557CA006A706E /* Assets.xcassets in Resources */,
				48A76A931E5557CA006A706E /* Main.storyboard in Resources */,
			);
			runOnlyForDeploymentPostprocessing = 0;
		};
/* End PBXResourcesBuildPhase section */

/* Begin PBXSourcesBuildPhase section */
		48A76A861E5557CA006A706E /* Sources */ = {
			isa = PBXSourcesBuildPhase;
			buildActionMask = 2147483647;
			files = (
				48A76A901E5557CA006A706E /* ViewController.swift in Sources */,
				48A76A8E1E5557CA006A706E /* AppDelegate.swift in Sources */,
				48D4E9741E598F6100807174 /* SolidObjectsViewController.swift in Sources */,
			);
			runOnlyForDeploymentPostprocessing = 0;
		};
/* End PBXSourcesBuildPhase section */

/* Begin PBXVariantGroup section */
		48A76A911E5557CA006A706E /* Main.storyboard */ = {
			isa = PBXVariantGroup;
			children = (
				48A76A921E5557CA006A706E /* Base */,
			);
			name = Main.storyboard;
			sourceTree = "<group>";
		};
		48A76A961E5557CA006A706E /* LaunchScreen.storyboard */ = {
			isa = PBXVariantGroup;
			children = (
				48A76A971E5557CA006A706E /* Base */,
			);
			name = LaunchScreen.storyboard;
			sourceTree = "<group>";
		};
/* End PBXVariantGroup section */

/* Begin XCBuildConfiguration section */
		48A76A9A1E5557CA006A706E /* Debug */ = {
			isa = XCBuildConfiguration;
			buildSettings = {
				ALWAYS_SEARCH_USER_PATHS = NO;
				CLANG_ANALYZER_NONNULL = YES;
				CLANG_CXX_LANGUAGE_STANDARD = "gnu++0x";
				CLANG_CXX_LIBRARY = "libc++";
				CLANG_ENABLE_MODULES = YES;
				CLANG_ENABLE_OBJC_ARC = YES;
				CLANG_WARN_BOOL_CONVERSION = YES;
				CLANG_WARN_CONSTANT_CONVERSION = YES;
				CLANG_WARN_DIRECT_OBJC_ISA_USAGE = YES_ERROR;
				CLANG_WARN_DOCUMENTATION_COMMENTS = YES;
				CLANG_WARN_EMPTY_BODY = YES;
				CLANG_WARN_ENUM_CONVERSION = YES;
				CLANG_WARN_INFINITE_RECURSION = YES;
				CLANG_WARN_INT_CONVERSION = YES;
				CLANG_WARN_OBJC_ROOT_CLASS = YES_ERROR;
				CLANG_WARN_SUSPICIOUS_MOVE = YES;
				CLANG_WARN_UNREACHABLE_CODE = YES;
				CLANG_WARN__DUPLICATE_METHOD_MATCH = YES;
				"CODE_SIGN_IDENTITY[sdk=iphoneos*]" = "iPhone Developer";
				COPY_PHASE_STRIP = NO;
				DEBUG_INFORMATION_FORMAT = dwarf;
				ENABLE_STRICT_OBJC_MSGSEND = YES;
				ENABLE_TESTABILITY = YES;
				GCC_C_LANGUAGE_STANDARD = gnu99;
				GCC_DYNAMIC_NO_PIC = NO;
				GCC_NO_COMMON_BLOCKS = YES;
				GCC_OPTIMIZATION_LEVEL = 0;
				GCC_PREPROCESSOR_DEFINITIONS = (
					"DEBUG=1",
					"$(inherited)",
				);
				GCC_WARN_64_TO_32_BIT_CONVERSION = YES;
				GCC_WARN_ABOUT_RETURN_TYPE = YES_ERROR;
				GCC_WARN_UNDECLARED_SELECTOR = YES;
				GCC_WARN_UNINITIALIZED_AUTOS = YES_AGGRESSIVE;
				GCC_WARN_UNUSED_FUNCTION = YES;
				GCC_WARN_UNUSED_VARIABLE = YES;
				IPHONEOS_DEPLOYMENT_TARGET = 10.2;
				MTL_ENABLE_DEBUG_INFO = YES;
				ONLY_ACTIVE_ARCH = YES;
				SDKROOT = iphoneos;
				SWIFT_ACTIVE_COMPILATION_CONDITIONS = DEBUG;
				SWIFT_OPTIMIZATION_LEVEL = "-Onone";
			};
			name = Debug;
		};
		48A76A9B1E5557CA006A706E /* Release */ = {
			isa = XCBuildConfiguration;
			buildSettings = {
				ALWAYS_SEARCH_USER_PATHS = NO;
				CLANG_ANALYZER_NONNULL = YES;
				CLANG_CXX_LANGUAGE_STANDARD = "gnu++0x";
				CLANG_CXX_LIBRARY = "libc++";
				CLANG_ENABLE_MODULES = YES;
				CLANG_ENABLE_OBJC_ARC = YES;
				CLANG_WARN_BOOL_CONVERSION = YES;
				CLANG_WARN_CONSTANT_CONVERSION = YES;
				CLANG_WARN_DIRECT_OBJC_ISA_USAGE = YES_ERROR;
				CLANG_WARN_DOCUMENTATION_COMMENTS = YES;
				CLANG_WARN_EMPTY_BODY = YES;
				CLANG_WARN_ENUM_CONVERSION = YES;
				CLANG_WARN_INFINITE_RECURSION = YES;
				CLANG_WARN_INT_CONVERSION = YES;
				CLANG_WARN_OBJC_ROOT_CLASS = YES_ERROR;
				CLANG_WARN_SUSPICIOUS_MOVE = YES;
				CLANG_WARN_UNREACHABLE_CODE = YES;
				CLANG_WARN__DUPLICATE_METHOD_MATCH = YES;
				"CODE_SIGN_IDENTITY[sdk=iphoneos*]" = "iPhone Developer";
				COPY_PHASE_STRIP = NO;
				DEBUG_INFORMATION_FORMAT = "dwarf-with-dsym";
				ENABLE_NS_ASSERTIONS = NO;
				ENABLE_STRICT_OBJC_MSGSEND = YES;
				GCC_C_LANGUAGE_STANDARD = gnu99;
				GCC_NO_COMMON_BLOCKS = YES;
				GCC_WARN_64_TO_32_BIT_CONVERSION = YES;
				GCC_WARN_ABOUT_RETURN_TYPE = YES_ERROR;
				GCC_WARN_UNDECLARED_SELECTOR = YES;
				GCC_WARN_UNINITIALIZED_AUTOS = YES_AGGRESSIVE;
				GCC_WARN_UNUSED_FUNCTION = YES;
				GCC_WARN_UNUSED_VARIABLE = YES;
				IPHONEOS_DEPLOYMENT_TARGET = 10.2;
				MTL_ENABLE_DEBUG_INFO = NO;
				SDKROOT = iphoneos;
				SWIFT_OPTIMIZATION_LEVEL = "-Owholemodule";
				VALIDATE_PRODUCT = YES;
			};
			name = Release;
		};
		48A76A9D1E5557CA006A706E /* Debug */ = {
			isa = XCBuildConfiguration;
			buildSettings = {
				ASSETCATALOG_COMPILER_APPICON_NAME = AppIcon;
				DEVELOPMENT_TEAM = C98APEMDUR;
				INFOPLIST_FILE = Chap5_transforms/Info.plist;
				LD_RUNPATH_SEARCH_PATHS = "$(inherited) @executable_path/Frameworks";
				PRODUCT_BUNDLE_IDENTIFIER = "joonwon.com.Chap5-transforms";
				PRODUCT_NAME = "$(TARGET_NAME)";
				SWIFT_VERSION = 3.0;
			};
			name = Debug;
		};
		48A76A9E1E5557CA006A706E /* Release */ = {
			isa = XCBuildConfiguration;
			buildSettings = {
				ASSETCATALOG_COMPILER_APPICON_NAME = AppIcon;
				DEVELOPMENT_TEAM = C98APEMDUR;
				INFOPLIST_FILE = Chap5_transforms/Info.plist;
				LD_RUNPATH_SEARCH_PATHS = "$(inherited) @executable_path/Frameworks";
				PRODUCT_BUNDLE_IDENTIFIER = "joonwon.com.Chap5-transforms";
				PRODUCT_NAME = "$(TARGET_NAME)";
				SWIFT_VERSION = 3.0;
			};
			name = Release;
		};
/* End XCBuildConfiguration section */

/* Begin XCConfigurationList section */
		48A76A851E5557CA006A706E /* Build configuration list for PBXProject "Chap5_transforms" */ = {
			isa = XCConfigurationList;
			buildConfigurations = (
				48A76A9A1E5557CA006A706E /* Debug */,
				48A76A9B1E5557CA006A706E /* Release */,
			);
			defaultConfigurationIsVisible = 0;
			defaultConfigurationName = Release;
		};
		48A76A9C1E5557CA006A706E /* Build configuration list for PBXNativeTarget "Chap5_transforms" */ = {
			isa = XCConfigurationList;
			buildConfigurations = (
				48A76A9D1E5557CA006A706E /* Debug */,
				48A76A9E1E5557CA006A706E /* Release */,
			);
			defaultConfigurationIsVisible = 0;
			defaultConfigurationName = Release;
		};
/* End XCConfigurationList section */
	};
	rootObject = 48A76A821E5557CA006A706E /* Project object */;
}
