// !$*UTF8*$!
{
	archiveVersion = 1;
	classes = {
	};
	objectVersion = 46;
	objects = {

/* Begin PBXBuildFile section */
		4842F0191E91223F00E867CB /* AppDelegate.swift in Sources */ = {isa = PBXBuildFile; fileRef = 4842F0181E91223F00E867CB /* AppDelegate.swift */; };
		4842F01B1E91223F00E867CB /* ViewController.swift in Sources */ = {isa = PBXBuildFile; fileRef = 4842F01A1E91223F00E867CB /* ViewController.swift */; };
		4842F01E1E91223F00E867CB /* Main.storyboard in Resources */ = {isa = PBXBuildFile; fileRef = 4842F01C1E91223F00E867CB /* Main.storyboard */; };
		4842F0201E91223F00E867CB /* Assets.xcassets in Resources */ = {isa = PBXBuildFile; fileRef = 4842F01F1E91223F00E867CB /* Assets.xcassets */; };
		4842F0231E91223F00E867CB /* LaunchScreen.storyboard in Resources */ = {isa = PBXBuildFile; fileRef = 4842F0211E91223F00E867CB /* LaunchScreen.storyboard */; };
/* End PBXBuildFile section */

/* Begin PBXFileReference section */
		4842F0151E91223F00E867CB /* Chap12_TuningForSpeed.app */ = {isa = PBXFileReference; explicitFileType = wrapper.application; includeInIndex = 0; path = Chap12_TuningForSpeed.app; sourceTree = BUILT_PRODUCTS_DIR; };
		4842F0181E91223F00E867CB /* AppDelegate.swift */ = {isa = PBXFileReference; lastKnownFileType = sourcecode.swift; path = AppDelegate.swift; sourceTree = "<group>"; };
		4842F01A1E91223F00E867CB /* ViewController.swift */ = {isa = PBXFileReference; lastKnownFileType = sourcecode.swift; path = ViewController.swift; sourceTree = "<group>"; };
		4842F01D1E91223F00E867CB /* Base */ = {isa = PBXFileReference; lastKnownFileType = file.storyboard; name = Base; path = Base.lproj/Main.storyboard; sourceTree = "<group>"; };
		4842F01F1E91223F00E867CB /* Assets.xcassets */ = {isa = PBXFileReference; lastKnownFileType = folder.assetcatalog; path = Assets.xcassets; sourceTree = "<group>"; };
		4842F0221E91223F00E867CB /* Base */ = {isa = PBXFileReference; lastKnownFileType = file.storyboard; name = Base; path = Base.lproj/LaunchScreen.storyboard; sourceTree = "<group>"; };
		4842F0241E91223F00E867CB /* Info.plist */ = {isa = PBXFileReference; lastKnownFileType = text.plist.xml; path = Info.plist; sourceTree = "<group>"; };
/* End PBXFileReference section */

/* Begin PBXFrameworksBuildPhase section */
		4842F0121E91223F00E867CB /* Frameworks */ = {
			isa = PBXFrameworksBuildPhase;
			buildActionMask = 2147483647;
			files = (
			);
			runOnlyForDeploymentPostprocessing = 0;
		};
/* End PBXFrameworksBuildPhase section */

/* Begin PBXGroup section */
		4842F00C1E91223F00E867CB = {
			isa = PBXGroup;
			children = (
				4842F0171E91223F00E867CB /* Chap12_TuningForSpeed */,
				4842F0161E91223F00E867CB /* Products */,
			);
			sourceTree = "<group>";
		};
		4842F0161E91223F00E867CB /* Products */ = {
			isa = PBXGroup;
			children = (
				4842F0151E91223F00E867CB /* Chap12_TuningForSpeed.app */,
			);
			name = Products;
			sourceTree = "<group>";
		};
		4842F0171E91223F00E867CB /* Chap12_TuningForSpeed */ = {
			isa = PBXGroup;
			children = (
				4842F0181E91223F00E867CB /* AppDelegate.swift */,
				4842F01A1E91223F00E867CB /* ViewController.swift */,
				4842F01C1E91223F00E867CB /* Main.storyboard */,
				4842F01F1E91223F00E867CB /* Assets.xcassets */,
				4842F0211E91223F00E867CB /* LaunchScreen.storyboard */,
				4842F0241E91223F00E867CB /* Info.plist */,
			);
			path = Chap12_TuningForSpeed;
			sourceTree = "<group>";
		};
/* End PBXGroup section */

/* Begin PBXNativeTarget section */
		4842F0141E91223F00E867CB /* Chap12_TuningForSpeed */ = {
			isa = PBXNativeTarget;
			buildConfigurationList = 4842F0271E91223F00E867CB /* Build configuration list for PBXNativeTarget "Chap12_TuningForSpeed" */;
			buildPhases = (
				4842F0111E91223F00E867CB /* Sources */,
				4842F0121E91223F00E867CB /* Frameworks */,
				4842F0131E91223F00E867CB /* Resources */,
			);
			buildRules = (
			);
			dependencies = (
			);
			name = Chap12_TuningForSpeed;
			productName = Chap12_TuningForSpeed;
			productReference = 4842F0151E91223F00E867CB /* Chap12_TuningForSpeed.app */;
			productType = "com.apple.product-type.application";
		};
/* End PBXNativeTarget section */

/* Begin PBXProject section */
		4842F00D1E91223F00E867CB /* Project object */ = {
			isa = PBXProject;
			attributes = {
				LastSwiftUpdateCheck = 0830;
				LastUpgradeCheck = 0830;
				ORGANIZATIONNAME = joonwon;
				TargetAttributes = {
					4842F0141E91223F00E867CB = {
						CreatedOnToolsVersion = 8.3;
						DevelopmentTeam = C98APEMDUR;
						ProvisioningStyle = Automatic;
					};
				};
			};
			buildConfigurationList = 4842F0101E91223F00E867CB /* Build configuration list for PBXProject "Chap12_TuningForSpeed" */;
			compatibilityVersion = "Xcode 3.2";
			developmentRegion = English;
			hasScannedForEncodings = 0;
			knownRegions = (
				en,
				Base,
			);
			mainGroup = 4842F00C1E91223F00E867CB;
			productRefGroup = 4842F0161E91223F00E867CB /* Products */;
			projectDirPath = "";
			projectRoot = "";
			targets = (
				4842F0141E91223F00E867CB /* Chap12_TuningForSpeed */,
			);
		};
/* End PBXProject section */

/* Begin PBXResourcesBuildPhase section */
		4842F0131E91223F00E867CB /* Resources */ = {
			isa = PBXResourcesBuildPhase;
			buildActionMask = 2147483647;
			files = (
				4842F0231E91223F00E867CB /* LaunchScreen.storyboard in Resources */,
				4842F0201E91223F00E867CB /* Assets.xcassets in Resources */,
				4842F01E1E91223F00E867CB /* Main.storyboard in Resources */,
			);
			runOnlyForDeploymentPostprocessing = 0;
		};
/* End PBXResourcesBuildPhase section */

/* Begin PBXSourcesBuildPhase section */
		4842F0111E91223F00E867CB /* Sources */ = {
			isa = PBXSourcesBuildPhase;
			buildActionMask = 2147483647;
			files = (
				4842F01B1E91223F00E867CB /* ViewController.swift in Sources */,
				4842F0191E91223F00E867CB /* AppDelegate.swift in Sources */,
			);
			runOnlyForDeploymentPostprocessing = 0;
		};
/* End PBXSourcesBuildPhase section */

/* Begin PBXVariantGroup section */
		4842F01C1E91223F00E867CB /* Main.storyboard */ = {
			isa = PBXVariantGroup;
			children = (
				4842F01D1E91223F00E867CB /* Base */,
			);
			name = Main.storyboard;
			sourceTree = "<group>";
		};
		4842F0211E91223F00E867CB /* LaunchScreen.storyboard */ = {
			isa = PBXVariantGroup;
			children = (
				4842F0221E91223F00E867CB /* Base */,
			);
			name = LaunchScreen.storyboard;
			sourceTree = "<group>";
		};
/* End PBXVariantGroup section */

/* Begin XCBuildConfiguration section */
		4842F0251E91223F00E867CB /* Debug */ = {
			isa = XCBuildConfiguration;
			buildSettings = {
				ALWAYS_SEARCH_USER_PATHS = NO;
				CLANG_ANALYZER_NONNULL = YES;
				CLANG_ANALYZER_NUMBER_OBJECT_CONVERSION = YES_AGGRESSIVE;
				CLANG_CXX_LANGUAGE_STANDARD = "gnu++0x";
				CLANG_CXX_LIBRARY = "libc++";
				CLANG_ENABLE_MODULES = YES;
				CLANG_ENABLE_OBJC_ARC = YES;
				CLANG_WARN_BOOL_CONVERSION = YES;
				CLANG_WARN_CONSTANT_CONVERSION = YES;
				CLANG_WARN_DIRECT_OBJC_ISA_USAGE = YES_ERROR;
				CLANG_WARN_DOCUMENTATION_COMMENTS = YES;
				CLANG_WARN_EMPTY_BODY = YES;
				CLANG_WARN_ENUM_CONVERSION = YES;
				CLANG_WARN_INFINITE_RECURSION = YES;
				CLANG_WARN_INT_CONVERSION = YES;
				CLANG_WARN_OBJC_ROOT_CLASS = YES_ERROR;
				CLANG_WARN_SUSPICIOUS_MOVE = YES;
				CLANG_WARN_UNREACHABLE_CODE = YES;
				CLANG_WARN__DUPLICATE_METHOD_MATCH = YES;
				"CODE_SIGN_IDENTITY[sdk=iphoneos*]" = "iPhone Developer";
				COPY_PHASE_STRIP = NO;
				DEBUG_INFORMATION_FORMAT = dwarf;
				ENABLE_STRICT_OBJC_MSGSEND = YES;
				ENABLE_TESTABILITY = YES;
				GCC_C_LANGUAGE_STANDARD = gnu99;
				GCC_DYNAMIC_NO_PIC = NO;
				GCC_NO_COMMON_BLOCKS = YES;
				GCC_OPTIMIZATION_LEVEL = 0;
				GCC_PREPROCESSOR_DEFINITIONS = (
					"DEBUG=1",
					"$(inherited)",
				);
				GCC_WARN_64_TO_32_BIT_CONVERSION = YES;
				GCC_WARN_ABOUT_RETURN_TYPE = YES_ERROR;
				GCC_WARN_UNDECLARED_SELECTOR = YES;
				GCC_WARN_UNINITIALIZED_AUTOS = YES_AGGRESSIVE;
				GCC_WARN_UNUSED_FUNCTION = YES;
				GCC_WARN_UNUSED_VARIABLE = YES;
				IPHONEOS_DEPLOYMENT_TARGET = 10.3;
				MTL_ENABLE_DEBUG_INFO = YES;
				ONLY_ACTIVE_ARCH = YES;
				SDKROOT = iphoneos;
				SWIFT_ACTIVE_COMPILATION_CONDITIONS = DEBUG;
				SWIFT_OPTIMIZATION_LEVEL = "-Onone";
			};
			name = Debug;
		};
		4842F0261E91223F00E867CB /* Release */ = {
			isa = XCBuildConfiguration;
			buildSettings = {
				ALWAYS_SEARCH_USER_PATHS = NO;
				CLANG_ANALYZER_NONNULL = YES;
				CLANG_ANALYZER_NUMBER_OBJECT_CONVERSION = YES_AGGRESSIVE;
				CLANG_CXX_LANGUAGE_STANDARD = "gnu++0x";
				CLANG_CXX_LIBRARY = "libc++";
				CLANG_ENABLE_MODULES = YES;
				CLANG_ENABLE_OBJC_ARC = YES;
				CLANG_WARN_BOOL_CONVERSION = YES;
				CLANG_WARN_CONSTANT_CONVERSION = YES;
				CLANG_WARN_DIRECT_OBJC_ISA_USAGE = YES_ERROR;
				CLANG_WARN_DOCUMENTATION_COMMENTS = YES;
				CLANG_WARN_EMPTY_BODY = YES;
				CLANG_WARN_ENUM_CONVERSION = YES;
				CLANG_WARN_INFINITE_RECURSION = YES;
				CLANG_WARN_INT_CONVERSION = YES;
				CLANG_WARN_OBJC_ROOT_CLASS = YES_ERROR;
				CLANG_WARN_SUSPICIOUS_MOVE = YES;
				CLANG_WARN_UNREACHABLE_CODE = YES;
				CLANG_WARN__DUPLICATE_METHOD_MATCH = YES;
				"CODE_SIGN_IDENTITY[sdk=iphoneos*]" = "iPhone Developer";
				COPY_PHASE_STRIP = NO;
				DEBUG_INFORMATION_FORMAT = "dwarf-with-dsym";
				ENABLE_NS_ASSERTIONS = NO;
				ENABLE_STRICT_OBJC_MSGSEND = YES;
				GCC_C_LANGUAGE_STANDARD = gnu99;
				GCC_NO_COMMON_BLOCKS = YES;
				GCC_WARN_64_TO_32_BIT_CONVERSION = YES;
				GCC_WARN_ABOUT_RETURN_TYPE = YES_ERROR;
				GCC_WARN_UNDECLARED_SELECTOR = YES;
				GCC_WARN_UNINITIALIZED_AUTOS = YES_AGGRESSIVE;
				GCC_WARN_UNUSED_FUNCTION = YES;
				GCC_WARN_UNUSED_VARIABLE = YES;
				IPHONEOS_DEPLOYMENT_TARGET = 10.3;
				MTL_ENABLE_DEBUG_INFO = NO;
				SDKROOT = iphoneos;
				SWIFT_OPTIMIZATION_LEVEL = "-Owholemodule";
				VALIDATE_PRODUCT = YES;
			};
			name = Release;
		};
		4842F0281E91223F00E867CB /* Debug */ = {
			isa = XCBuildConfiguration;
			buildSettings = {
				ASSETCATALOG_COMPILER_APPICON_NAME = AppIcon;
				DEVELOPMENT_TEAM = C98APEMDUR;
				INFOPLIST_FILE = Chap12_TuningForSpeed/Info.plist;
				LD_RUNPATH_SEARCH_PATHS = "$(inherited) @executable_path/Frameworks";
				PRODUCT_BUNDLE_IDENTIFIER = "joonwon.com.Chap12-TuningForSpeed";
				PRODUCT_NAME = "$(TARGET_NAME)";
				SWIFT_VERSION = 3.0;
			};
			name = Debug;
		};
		4842F0291E91223F00E867CB /* Release */ = {
			isa = XCBuildConfiguration;
			buildSettings = {
				ASSETCATALOG_COMPILER_APPICON_NAME = AppIcon;
				DEVELOPMENT_TEAM = C98APEMDUR;
				INFOPLIST_FILE = Chap12_TuningForSpeed/Info.plist;
				LD_RUNPATH_SEARCH_PATHS = "$(inherited) @executable_path/Frameworks";
				PRODUCT_BUNDLE_IDENTIFIER = "joonwon.com.Chap12-TuningForSpeed";
				PRODUCT_NAME = "$(TARGET_NAME)";
				SWIFT_VERSION = 3.0;
			};
			name = Release;
		};
/* End XCBuildConfiguration section */

/* Begin XCConfigurationList section */
		4842F0101E91223F00E867CB /* Build configuration list for PBXProject "Chap12_TuningForSpeed" */ = {
			isa = XCConfigurationList;
			buildConfigurations = (
				4842F0251E91223F00E867CB /* Debug */,
				4842F0261E91223F00E867CB /* Release */,
			);
			defaultConfigurationIsVisible = 0;
			defaultConfigurationName = Release;
		};
		4842F0271E91223F00E867CB /* Build configuration list for PBXNativeTarget "Chap12_TuningForSpeed" */ = {
			isa = XCConfigurationList;
			buildConfigurations = (
				4842F0281E91223F00E867CB /* Debug */,
				4842F0291E91223F00E867CB /* Release */,
			);
			defaultConfigurationIsVisible = 0;
		};
/* End XCConfigurationList section */
	};
	rootObject = 4842F00D1E91223F00E867CB /* Project object */;
}
