// !$*UTF8*$!
{
	archiveVersion = 1;
	classes = {
	};
	objectVersion = 46;
	objects = {

/* Begin PBXBuildFile section */
		48E51B021E51310C0063B16F /* AppDelegate.swift in Sources */ = {isa = PBXBuildFile; fileRef = 48E51B011E51310C0063B16F /* AppDelegate.swift */; };
		48E51B041E51310C0063B16F /* ViewController.swift in Sources */ = {isa = PBXBuildFile; fileRef = 48E51B031E51310C0063B16F /* ViewController.swift */; };
		48E51B071E51310C0063B16F /* Main.storyboard in Resources */ = {isa = PBXBuildFile; fileRef = 48E51B051E51310C0063B16F /* Main.storyboard */; };
		48E51B091E51310C0063B16F /* Assets.xcassets in Resources */ = {isa = PBXBuildFile; fileRef = 48E51B081E51310C0063B16F /* Assets.xcassets */; };
		48E51B0C1E51310C0063B16F /* LaunchScreen.storyboard in Resources */ = {isa = PBXBuildFile; fileRef = 48E51B0A1E51310C0063B16F /* LaunchScreen.storyboard */; };
		48E51B141E5142D80063B16F /* MaskViewController.swift in Sources */ = {isa = PBXBuildFile; fileRef = 48E51B131E5142D80063B16F /* MaskViewController.swift */; };
/* End PBXBuildFile section */

/* Begin PBXFileReference section */
		48E51AFE1E51310C0063B16F /* Chap4_Visual_Effect.app */ = {isa = PBXFileReference; explicitFileType = wrapper.application; includeInIndex = 0; path = Chap4_Visual_Effect.app; sourceTree = BUILT_PRODUCTS_DIR; };
		48E51B011E51310C0063B16F /* AppDelegate.swift */ = {isa = PBXFileReference; lastKnownFileType = sourcecode.swift; path = AppDelegate.swift; sourceTree = "<group>"; };
		48E51B031E51310C0063B16F /* ViewController.swift */ = {isa = PBXFileReference; lastKnownFileType = sourcecode.swift; path = ViewController.swift; sourceTree = "<group>"; };
		48E51B061E51310C0063B16F /* Base */ = {isa = PBXFileReference; lastKnownFileType = file.storyboard; name = Base; path = Base.lproj/Main.storyboard; sourceTree = "<group>"; };
		48E51B081E51310C0063B16F /* Assets.xcassets */ = {isa = PBXFileReference; lastKnownFileType = folder.assetcatalog; path = Assets.xcassets; sourceTree = "<group>"; };
		48E51B0B1E51310C0063B16F /* Base */ = {isa = PBXFileReference; lastKnownFileType = file.storyboard; name = Base; path = Base.lproj/LaunchScreen.storyboard; sourceTree = "<group>"; };
		48E51B0D1E51310C0063B16F /* Info.plist */ = {isa = PBXFileReference; lastKnownFileType = text.plist.xml; path = Info.plist; sourceTree = "<group>"; };
		48E51B131E5142D80063B16F /* MaskViewController.swift */ = {isa = PBXFileReference; fileEncoding = 4; lastKnownFileType = sourcecode.swift; path = MaskViewController.swift; sourceTree = "<group>"; };
/* End PBXFileReference section */

/* Begin PBXFrameworksBuildPhase section */
		48E51AFB1E51310C0063B16F /* Frameworks */ = {
			isa = PBXFrameworksBuildPhase;
			buildActionMask = 2147483647;
			files = (
			);
			runOnlyForDeploymentPostprocessing = 0;
		};
/* End PBXFrameworksBuildPhase section */

/* Begin PBXGroup section */
		48E51AF51E51310C0063B16F = {
			isa = PBXGroup;
			children = (
				48E51B001E51310C0063B16F /* Chap4_Visual_Effect */,
				48E51AFF1E51310C0063B16F /* Products */,
			);
			sourceTree = "<group>";
		};
		48E51AFF1E51310C0063B16F /* Products */ = {
			isa = PBXGroup;
			children = (
				48E51AFE1E51310C0063B16F /* Chap4_Visual_Effect.app */,
			);
			name = Products;
			sourceTree = "<group>";
		};
		48E51B001E51310C0063B16F /* Chap4_Visual_Effect */ = {
			isa = PBXGroup;
			children = (
				48E51B011E51310C0063B16F /* AppDelegate.swift */,
				48E51B031E51310C0063B16F /* ViewController.swift */,
				48E51B131E5142D80063B16F /* MaskViewController.swift */,
				48E51B051E51310C0063B16F /* Main.storyboard */,
				48E51B081E51310C0063B16F /* Assets.xcassets */,
				48E51B0A1E51310C0063B16F /* LaunchScreen.storyboard */,
				48E51B0D1E51310C0063B16F /* Info.plist */,
			);
			path = Chap4_Visual_Effect;
			sourceTree = "<group>";
		};
/* End PBXGroup section */

/* Begin PBXNativeTarget section */
		48E51AFD1E51310C0063B16F /* Chap4_Visual_Effect */ = {
			isa = PBXNativeTarget;
			buildConfigurationList = 48E51B101E51310C0063B16F /* Build configuration list for PBXNativeTarget "Chap4_Visual_Effect" */;
			buildPhases = (
				48E51AFA1E51310C0063B16F /* Sources */,
				48E51AFB1E51310C0063B16F /* Frameworks */,
				48E51AFC1E51310C0063B16F /* Resources */,
			);
			buildRules = (
			);
			dependencies = (
			);
			name = Chap4_Visual_Effect;
			productName = Chap4_Visual_Effect;
			productReference = 48E51AFE1E51310C0063B16F /* Chap4_Visual_Effect.app */;
			productType = "com.apple.product-type.application";
		};
/* End PBXNativeTarget section */

/* Begin PBXProject section */
		48E51AF61E51310C0063B16F /* Project object */ = {
			isa = PBXProject;
			attributes = {
				LastSwiftUpdateCheck = 0820;
				LastUpgradeCheck = 0820;
				ORGANIZATIONNAME = joonwon;
				TargetAttributes = {
					48E51AFD1E51310C0063B16F = {
						CreatedOnToolsVersion = 8.2.1;
						DevelopmentTeam = C98APEMDUR;
						ProvisioningStyle = Automatic;
					};
				};
			};
			buildConfigurationList = 48E51AF91E51310C0063B16F /* Build configuration list for PBXProject "Chap4_Visual_Effect" */;
			compatibilityVersion = "Xcode 3.2";
			developmentRegion = English;
			hasScannedForEncodings = 0;
			knownRegions = (
				en,
				Base,
			);
			mainGroup = 48E51AF51E51310C0063B16F;
			productRefGroup = 48E51AFF1E51310C0063B16F /* Products */;
			projectDirPath = "";
			projectRoot = "";
			targets = (
				48E51AFD1E51310C0063B16F /* Chap4_Visual_Effect */,
			);
		};
/* End PBXProject section */

/* Begin PBXResourcesBuildPhase section */
		48E51AFC1E51310C0063B16F /* Resources */ = {
			isa = PBXResourcesBuildPhase;
			buildActionMask = 2147483647;
			files = (
				48E51B0C1E51310C0063B16F /* LaunchScreen.storyboard in Resources */,
				48E51B091E51310C0063B16F /* Assets.xcassets in Resources */,
				48E51B071E51310C0063B16F /* Main.storyboard in Resources */,
			);
			runOnlyForDeploymentPostprocessing = 0;
		};
/* End PBXResourcesBuildPhase section */

/* Begin PBXSourcesBuildPhase section */
		48E51AFA1E51310C0063B16F /* Sources */ = {
			isa = PBXSourcesBuildPhase;
			buildActionMask = 2147483647;
			files = (
				48E51B041E51310C0063B16F /* ViewController.swift in Sources */,
				48E51B141E5142D80063B16F /* MaskViewController.swift in Sources */,
				48E51B021E51310C0063B16F /* AppDelegate.swift in Sources */,
			);
			runOnlyForDeploymentPostprocessing = 0;
		};
/* End PBXSourcesBuildPhase section */

/* Begin PBXVariantGroup section */
		48E51B051E51310C0063B16F /* Main.storyboard */ = {
			isa = PBXVariantGroup;
			children = (
				48E51B061E51310C0063B16F /* Base */,
			);
			name = Main.storyboard;
			sourceTree = "<group>";
		};
		48E51B0A1E51310C0063B16F /* LaunchScreen.storyboard */ = {
			isa = PBXVariantGroup;
			children = (
				48E51B0B1E51310C0063B16F /* Base */,
			);
			name = LaunchScreen.storyboard;
			sourceTree = "<group>";
		};
/* End PBXVariantGroup section */

/* Begin XCBuildConfiguration section */
		48E51B0E1E51310C0063B16F /* Debug */ = {
			isa = XCBuildConfiguration;
			buildSettings = {
				ALWAYS_SEARCH_USER_PATHS = NO;
				CLANG_ANALYZER_NONNULL = YES;
				CLANG_CXX_LANGUAGE_STANDARD = "gnu++0x";
				CLANG_CXX_LIBRARY = "libc++";
				CLANG_ENABLE_MODULES = YES;
				CLANG_ENABLE_OBJC_ARC = YES;
				CLANG_WARN_BOOL_CONVERSION = YES;
				CLANG_WARN_CONSTANT_CONVERSION = YES;
				CLANG_WARN_DIRECT_OBJC_ISA_USAGE = YES_ERROR;
				CLANG_WARN_DOCUMENTATION_COMMENTS = YES;
				CLANG_WARN_EMPTY_BODY = YES;
				CLANG_WARN_ENUM_CONVERSION = YES;
				CLANG_WARN_INFINITE_RECURSION = YES;
				CLANG_WARN_INT_CONVERSION = YES;
				CLANG_WARN_OBJC_ROOT_CLASS = YES_ERROR;
				CLANG_WARN_SUSPICIOUS_MOVE = YES;
				CLANG_WARN_UNREACHABLE_CODE = YES;
				CLANG_WARN__DUPLICATE_METHOD_MATCH = YES;
				"CODE_SIGN_IDENTITY[sdk=iphoneos*]" = "iPhone Developer";
				COPY_PHASE_STRIP = NO;
				DEBUG_INFORMATION_FORMAT = dwarf;
				ENABLE_STRICT_OBJC_MSGSEND = YES;
				ENABLE_TESTABILITY = YES;
				GCC_C_LANGUAGE_STANDARD = gnu99;
				GCC_DYNAMIC_NO_PIC = NO;
				GCC_NO_COMMON_BLOCKS = YES;
				GCC_OPTIMIZATION_LEVEL = 0;
				GCC_PREPROCESSOR_DEFINITIONS = (
					"DEBUG=1",
					"$(inherited)",
				);
				GCC_WARN_64_TO_32_BIT_CONVERSION = YES;
				GCC_WARN_ABOUT_RETURN_TYPE = YES_ERROR;
				GCC_WARN_UNDECLARED_SELECTOR = YES;
				GCC_WARN_UNINITIALIZED_AUTOS = YES_AGGRESSIVE;
				GCC_WARN_UNUSED_FUNCTION = YES;
				GCC_WARN_UNUSED_VARIABLE = YES;
				IPHONEOS_DEPLOYMENT_TARGET = 10.2;
				MTL_ENABLE_DEBUG_INFO = YES;
				ONLY_ACTIVE_ARCH = YES;
				SDKROOT = iphoneos;
				SWIFT_ACTIVE_COMPILATION_CONDITIONS = DEBUG;
				SWIFT_OPTIMIZATION_LEVEL = "-Onone";
			};
			name = Debug;
		};
		48E51B0F1E51310C0063B16F /* Release */ = {
			isa = XCBuildConfiguration;
			buildSettings = {
				ALWAYS_SEARCH_USER_PATHS = NO;
				CLANG_ANALYZER_NONNULL = YES;
				CLANG_CXX_LANGUAGE_STANDARD = "gnu++0x";
				CLANG_CXX_LIBRARY = "libc++";
				CLANG_ENABLE_MODULES = YES;
				CLANG_ENABLE_OBJC_ARC = YES;
				CLANG_WARN_BOOL_CONVERSION = YES;
				CLANG_WARN_CONSTANT_CONVERSION = YES;
				CLANG_WARN_DIRECT_OBJC_ISA_USAGE = YES_ERROR;
				CLANG_WARN_DOCUMENTATION_COMMENTS = YES;
				CLANG_WARN_EMPTY_BODY = YES;
				CLANG_WARN_ENUM_CONVERSION = YES;
				CLANG_WARN_INFINITE_RECURSION = YES;
				CLANG_WARN_INT_CONVERSION = YES;
				CLANG_WARN_OBJC_ROOT_CLASS = YES_ERROR;
				CLANG_WARN_SUSPICIOUS_MOVE = YES;
				CLANG_WARN_UNREACHABLE_CODE = YES;
				CLANG_WARN__DUPLICATE_METHOD_MATCH = YES;
				"CODE_SIGN_IDENTITY[sdk=iphoneos*]" = "iPhone Developer";
				COPY_PHASE_STRIP = NO;
				DEBUG_INFORMATION_FORMAT = "dwarf-with-dsym";
				ENABLE_NS_ASSERTIONS = NO;
				ENABLE_STRICT_OBJC_MSGSEND = YES;
				GCC_C_LANGUAGE_STANDARD = gnu99;
				GCC_NO_COMMON_BLOCKS = YES;
				GCC_WARN_64_TO_32_BIT_CONVERSION = YES;
				GCC_WARN_ABOUT_RETURN_TYPE = YES_ERROR;
				GCC_WARN_UNDECLARED_SELECTOR = YES;
				GCC_WARN_UNINITIALIZED_AUTOS = YES_AGGRESSIVE;
				GCC_WARN_UNUSED_FUNCTION = YES;
				GCC_WARN_UNUSED_VARIABLE = YES;
				IPHONEOS_DEPLOYMENT_TARGET = 10.2;
				MTL_ENABLE_DEBUG_INFO = NO;
				SDKROOT = iphoneos;
				SWIFT_OPTIMIZATION_LEVEL = "-Owholemodule";
				VALIDATE_PRODUCT = YES;
			};
			name = Release;
		};
		48E51B111E51310C0063B16F /* Debug */ = {
			isa = XCBuildConfiguration;
			buildSettings = {
				ASSETCATALOG_COMPILER_APPICON_NAME = AppIcon;
				DEVELOPMENT_TEAM = C98APEMDUR;
				INFOPLIST_FILE = Chap4_Visual_Effect/Info.plist;
				LD_RUNPATH_SEARCH_PATHS = "$(inherited) @executable_path/Frameworks";
				PRODUCT_BUNDLE_IDENTIFIER = "joonwon.com.Chap4-Visual-Effect";
				PRODUCT_NAME = "$(TARGET_NAME)";
				SWIFT_VERSION = 3.0;
			};
			name = Debug;
		};
		48E51B121E51310C0063B16F /* Release */ = {
			isa = XCBuildConfiguration;
			buildSettings = {
				ASSETCATALOG_COMPILER_APPICON_NAME = AppIcon;
				DEVELOPMENT_TEAM = C98APEMDUR;
				INFOPLIST_FILE = Chap4_Visual_Effect/Info.plist;
				LD_RUNPATH_SEARCH_PATHS = "$(inherited) @executable_path/Frameworks";
				PRODUCT_BUNDLE_IDENTIFIER = "joonwon.com.Chap4-Visual-Effect";
				PRODUCT_NAME = "$(TARGET_NAME)";
				SWIFT_VERSION = 3.0;
			};
			name = Release;
		};
/* End XCBuildConfiguration section */

/* Begin XCConfigurationList section */
		48E51AF91E51310C0063B16F /* Build configuration list for PBXProject "Chap4_Visual_Effect" */ = {
			isa = XCConfigurationList;
			buildConfigurations = (
				48E51B0E1E51310C0063B16F /* Debug */,
				48E51B0F1E51310C0063B16F /* Release */,
			);
			defaultConfigurationIsVisible = 0;
			defaultConfigurationName = Release;
		};
		48E51B101E51310C0063B16F /* Build configuration list for PBXNativeTarget "Chap4_Visual_Effect" */ = {
			isa = XCConfigurationList;
			buildConfigurations = (
				48E51B111E51310C0063B16F /* Debug */,
				48E51B121E51310C0063B16F /* Release */,
			);
			defaultConfigurationIsVisible = 0;
		};
/* End XCConfigurationList section */
	};
	rootObject = 48E51AF61E51310C0063B16F /* Project object */;
}
